
Microsoft Visual Studio Solution File, Format Version 10.00
# Visual Studio 2008
Project("{F184B08F-C81C-45F6-A57F-5ABD9991F28F}") = "ReadPhoneFile", "ReadPhoneFile\ReadPhoneFile.vbproj", "{0C53344D-82CF-49F9-A59A-93C226504253}"
EndProject
Global
	GlobalSection(SolutionConfigurationPlatforms) = preSolution
		Debug|Any CPU = Debug|Any CPU
		Release|Any CPU = Release|Any CPU
	EndGlobalSection
	GlobalSection(ProjectConfigurationPlatforms) = postSolution
		{0C53344D-82CF-49F9-A59A-93C226504253}.Debug|Any CPU.ActiveCfg = Debug|Any CPU
		{0C53344D-82CF-49F9-A59A-93C226504253}.Debug|Any CPU.Build.0 = Debug|Any CPU
		{0C53344D-82CF-49F9-A59A-93C226504253}.Release|Any CPU.ActiveCfg = Release|Any CPU
		{0C53344D-82CF-49F9-A59A-93C226504253}.Release|Any CPU.Build.0 = Release|Any CPU
	EndGlobalSection
	GlobalSection(SolutionProperties) = preSolution
		HideSolutionNode = FALSE
	EndGlobalSection
EndGlobal
