
Microsoft Visual Studio Solution File, Format Version 10.00
# Visual Basic Express 2008
Project("{F184B08F-C81C-45F6-A57F-5ABD9991F28F}") = "ColladoCh03Page144", "ColladoCh03Page144\ColladoCh03Page144.vbproj", "{7323247A-8AD3-45E5-AEA0-A26756F954E0}"
EndProject
Global
	GlobalSection(SolutionConfigurationPlatforms) = preSolution
		Debug|Any CPU = Debug|Any CPU
		Release|Any CPU = Release|Any CPU
	EndGlobalSection
	GlobalSection(ProjectConfigurationPlatforms) = postSolution
		{7323247A-8AD3-45E5-AEA0-A26756F954E0}.Debug|Any CPU.ActiveCfg = Debug|Any CPU
		{7323247A-8AD3-45E5-AEA0-A26756F954E0}.Debug|Any CPU.Build.0 = Debug|Any CPU
		{7323247A-8AD3-45E5-AEA0-A26756F954E0}.Release|Any CPU.ActiveCfg = Release|Any CPU
		{7323247A-8AD3-45E5-AEA0-A26756F954E0}.Release|Any CPU.Build.0 = Release|Any CPU
	EndGlobalSection
	GlobalSection(SolutionProperties) = preSolution
		HideSolutionNode = FALSE
	EndGlobalSection
EndGlobal
